// !$*UTF8*$!
{
	archiveVersion = 1;
	classes = {
	};
	objectVersion = 46;
	objects = {

/* Begin PBXBuildFile section */
		63BBDF0B16E31C480054D5FC /* UIKit.framework in Frameworks */ = {isa = PBXBuildFile; fileRef = 63BBDF0A16E31C480054D5FC /* UIKit.framework */; };
		63BBDF0D16E31C480054D5FC /* Foundation.framework in Frameworks */ = {isa = PBXBuildFile; fileRef = 63BBDF0C16E31C480054D5FC /* Foundation.framework */; };
		63BBDF0F16E31C480054D5FC /* CoreGraphics.framework in Frameworks */ = {isa = PBXBuildFile; fileRef = 63BBDF0E16E31C480054D5FC /* CoreGraphics.framework */; };
		63BBDF1716E31C480054D5FC /* main.m in Sources */ = {isa = PBXBuildFile; fileRef = 63BBDF1616E31C480054D5FC /* main.m */; };
		63BBDF1B16E31C480054D5FC /* AppDelegate.m in Sources */ = {isa = PBXBuildFile; fileRef = 63BBDF1A16E31C480054D5FC /* AppDelegate.m */; };
		63BBDF1D16E31C480054D5FC /* Default.png in Resources */ = {isa = PBXBuildFile; fileRef = 63BBDF1C16E31C480054D5FC /* Default.png */; };
		63BBDF1F16E31C480054D5FC /* Default@2x.png in Resources */ = {isa = PBXBuildFile; fileRef = 63BBDF1E16E31C480054D5FC /* Default@2x.png */; };
		63BBDF2116E31C480054D5FC /* Default-568h@2x.png in Resources */ = {isa = PBXBuildFile; fileRef = 63BBDF2016E31C480054D5FC /* Default-568h@2x.png */; };
		63BBDF3916E31E880054D5FC /* PageViewController.m in Sources */ = {isa = PBXBuildFile; fileRef = 63BBDF3716E31E880054D5FC /* PageViewController.m */; };
		63BBDF3A16E31E880054D5FC /* PageViewController.xib in Resources */ = {isa = PBXBuildFile; fileRef = 63BBDF3816E31E880054D5FC /* PageViewController.xib */; };
		63BBDF3E16E31F5E0054D5FC /* FishListViewController.m in Sources */ = {isa = PBXBuildFile; fileRef = 63BBDF3C16E31F5E0054D5FC /* FishListViewController.m */; };
		63BBDF3F16E31F5E0054D5FC /* FishListViewController.xib in Resources */ = {isa = PBXBuildFile; fileRef = 63BBDF3D16E31F5E0054D5FC /* FishListViewController.xib */; };
/* End PBXBuildFile section */

/* Begin PBXFileReference section */
		63BBDF0616E31C480054D5FC /* Fishes.app */ = {isa = PBXFileReference; explicitFileType = wrapper.application; includeInIndex = 0; path = Fishes.app; sourceTree = BUILT_PRODUCTS_DIR; };
		63BBDF0A16E31C480054D5FC /* UIKit.framework */ = {isa = PBXFileReference; lastKnownFileType = wrapper.framework; name = UIKit.framework; path = System/Library/Frameworks/UIKit.framework; sourceTree = SDKROOT; };
		63BBDF0C16E31C480054D5FC /* Foundation.framework */ = {isa = PBXFileReference; lastKnownFileType = wrapper.framework; name = Foundation.framework; path = System/Library/Frameworks/Foundation.framework; sourceTree = SDKROOT; };
		63BBDF0E16E31C480054D5FC /* CoreGraphics.framework */ = {isa = PBXFileReference; lastKnownFileType = wrapper.framework; name = CoreGraphics.framework; path = System/Library/Frameworks/CoreGraphics.framework; sourceTree = SDKROOT; };
		63BBDF1216E31C480054D5FC /* Fishes-Info.plist */ = {isa = PBXFileReference; lastKnownFileType = text.plist.xml; path = "Fishes-Info.plist"; sourceTree = "<group>"; };
		63BBDF1616E31C480054D5FC /* main.m */ = {isa = PBXFileReference; lastKnownFileType = sourcecode.c.objc; path = main.m; sourceTree = "<group>"; };
		63BBDF1816E31C480054D5FC /* Fishes-Prefix.pch */ = {isa = PBXFileReference; lastKnownFileType = sourcecode.c.h; path = "Fishes-Prefix.pch"; sourceTree = "<group>"; };
		63BBDF1916E31C480054D5FC /* AppDelegate.h */ = {isa = PBXFileReference; lastKnownFileType = sourcecode.c.h; path = AppDelegate.h; sourceTree = "<group>"; };
		63BBDF1A16E31C480054D5FC /* AppDelegate.m */ = {isa = PBXFileReference; lastKnownFileType = sourcecode.c.objc; path = AppDelegate.m; sourceTree = "<group>"; };
		63BBDF1C16E31C480054D5FC /* Default.png */ = {isa = PBXFileReference; lastKnownFileType = image.png; path = Default.png; sourceTree = "<group>"; };
		63BBDF1E16E31C480054D5FC /* Default@2x.png */ = {isa = PBXFileReference; lastKnownFileType = image.png; path = "Default@2x.png"; sourceTree = "<group>"; };
		63BBDF2016E31C480054D5FC /* Default-568h@2x.png */ = {isa = PBXFileReference; lastKnownFileType = image.png; path = "Default-568h@2x.png"; sourceTree = "<group>"; };
		63BBDF2C16E31CDC0054D5FC /* .gitignore */ = {isa = PBXFileReference; lastKnownFileType = text; path = .gitignore; sourceTree = "<group>"; };
		63BBDF3616E31E880054D5FC /* PageViewController.h */ = {isa = PBXFileReference; fileEncoding = 4; lastKnownFileType = sourcecode.c.h; path = PageViewController.h; sourceTree = "<group>"; };
		63BBDF3716E31E880054D5FC /* PageViewController.m */ = {isa = PBXFileReference; fileEncoding = 4; lastKnownFileType = sourcecode.c.objc; path = PageViewController.m; sourceTree = "<group>"; };
		63BBDF3816E31E880054D5FC /* PageViewController.xib */ = {isa = PBXFileReference; fileEncoding = 4; lastKnownFileType = file.xib; path = PageViewController.xib; sourceTree = "<group>"; };
		63BBDF3B16E31F5E0054D5FC /* FishListViewController.h */ = {isa = PBXFileReference; fileEncoding = 4; lastKnownFileType = sourcecode.c.h; path = FishListViewController.h; sourceTree = "<group>"; };
		63BBDF3C16E31F5E0054D5FC /* FishListViewController.m */ = {isa = PBXFileReference; fileEncoding = 4; lastKnownFileType = sourcecode.c.objc; path = FishListViewController.m; sourceTree = "<group>"; };
		63BBDF3D16E31F5E0054D5FC /* FishListViewController.xib */ = {isa = PBXFileReference; fileEncoding = 4; lastKnownFileType = file.xib; path = FishListViewController.xib; sourceTree = "<group>"; };
		63BBDF4016E3AC5B0054D5FC /* Readme.md */ = {isa = PBXFileReference; lastKnownFileType = text; path = Readme.md; sourceTree = "<group>"; };
/* End PBXFileReference section */

/* Begin PBXFrameworksBuildPhase section */
		63BBDF0316E31C480054D5FC /* Frameworks */ = {
			isa = PBXFrameworksBuildPhase;
			buildActionMask = 2147483647;
			files = (
				63BBDF0B16E31C480054D5FC /* UIKit.framework in Frameworks */,
				63BBDF0D16E31C480054D5FC /* Foundation.framework in Frameworks */,
				63BBDF0F16E31C480054D5FC /* CoreGraphics.framework in Frameworks */,
			);
			runOnlyForDeploymentPostprocessing = 0;
		};
/* End PBXFrameworksBuildPhase section */

/* Begin PBXGroup section */
		63BBDEFB16E31C480054D5FC = {
			isa = PBXGroup;
			children = (
				63BBDF2C16E31CDC0054D5FC /* .gitignore */,
				63BBDF4016E3AC5B0054D5FC /* Readme.md */,
				63BBDF1616E31C480054D5FC /* main.m */,
				63BBDF1216E31C480054D5FC /* Fishes-Info.plist */,
				63BBDF1816E31C480054D5FC /* Fishes-Prefix.pch */,
				63BBDF1016E31C480054D5FC /* Fishes */,
				63BBDF2716E31C9F0054D5FC /* Resources */,
				63BBDF0916E31C480054D5FC /* Frameworks */,
				63BBDF0716E31C480054D5FC /* Products */,
			);
			sourceTree = "<group>";
		};
		63BBDF0716E31C480054D5FC /* Products */ = {
			isa = PBXGroup;
			children = (
				63BBDF0616E31C480054D5FC /* Fishes.app */,
			);
			name = Products;
			sourceTree = "<group>";
		};
		63BBDF0916E31C480054D5FC /* Frameworks */ = {
			isa = PBXGroup;
			children = (
				63BBDF0A16E31C480054D5FC /* UIKit.framework */,
				63BBDF0C16E31C480054D5FC /* Foundation.framework */,
				63BBDF0E16E31C480054D5FC /* CoreGraphics.framework */,
			);
			name = Frameworks;
			sourceTree = "<group>";
		};
		63BBDF1016E31C480054D5FC /* Fishes */ = {
			isa = PBXGroup;
			children = (
				63BBDF1916E31C480054D5FC /* AppDelegate.h */,
				63BBDF1A16E31C480054D5FC /* AppDelegate.m */,
				63BBDF3616E31E880054D5FC /* PageViewController.h */,
				63BBDF3716E31E880054D5FC /* PageViewController.m */,
				63BBDF3816E31E880054D5FC /* PageViewController.xib */,
				63BBDF3B16E31F5E0054D5FC /* FishListViewController.h */,
				63BBDF3C16E31F5E0054D5FC /* FishListViewController.m */,
				63BBDF3D16E31F5E0054D5FC /* FishListViewController.xib */,
			);
			path = Fishes;
			sourceTree = "<group>";
		};
		63BBDF2716E31C9F0054D5FC /* Resources */ = {
			isa = PBXGroup;
			children = (
				63BBDF1C16E31C480054D5FC /* Default.png */,
				63BBDF1E16E31C480054D5FC /* Default@2x.png */,
				63BBDF2016E31C480054D5FC /* Default-568h@2x.png */,
			);
			path = Resources;
			sourceTree = "<group>";
		};
/* End PBXGroup section */

/* Begin PBXNativeTarget section */
		63BBDF0516E31C480054D5FC /* Fishes */ = {
			isa = PBXNativeTarget;
			buildConfigurationList = 63BBDF2416E31C480054D5FC /* Build configuration list for PBXNativeTarget "Fishes" */;
			buildPhases = (
				63BBDF0216E31C480054D5FC /* Sources */,
				63BBDF0316E31C480054D5FC /* Frameworks */,
				63BBDF0416E31C480054D5FC /* Resources */,
			);
			buildRules = (
			);
			dependencies = (
			);
			name = Fishes;
			productName = Fishes;
			productReference = 63BBDF0616E31C480054D5FC /* Fishes.app */;
			productType = "com.apple.product-type.application";
		};
/* End PBXNativeTarget section */

/* Begin PBXProject section */
		63BBDEFD16E31C480054D5FC /* Project object */ = {
			isa = PBXProject;
			attributes = {
				LastUpgradeCheck = 0450;
				ORGANIZATIONNAME = "David Farber";
			};
			buildConfigurationList = 63BBDF0016E31C480054D5FC /* Build configuration list for PBXProject "Fishes" */;
			compatibilityVersion = "Xcode 3.2";
			developmentRegion = English;
			hasScannedForEncodings = 0;
			knownRegions = (
				en,
			);
			mainGroup = 63BBDEFB16E31C480054D5FC;
			productRefGroup = 63BBDF0716E31C480054D5FC /* Products */;
			projectDirPath = "";
			projectRoot = "";
			targets = (
				63BBDF0516E31C480054D5FC /* Fishes */,
			);
		};
/* End PBXProject section */

/* Begin PBXResourcesBuildPhase section */
		63BBDF0416E31C480054D5FC /* Resources */ = {
			isa = PBXResourcesBuildPhase;
			buildActionMask = 2147483647;
			files = (
				63BBDF1D16E31C480054D5FC /* Default.png in Resources */,
				63BBDF1F16E31C480054D5FC /* Default@2x.png in Resources */,
				63BBDF2116E31C480054D5FC /* Default-568h@2x.png in Resources */,
				63BBDF3A16E31E880054D5FC /* PageViewController.xib in Resources */,
				63BBDF3F16E31F5E0054D5FC /* FishListViewController.xib in Resources */,
			);
			runOnlyForDeploymentPostprocessing = 0;
		};
/* End PBXResourcesBuildPhase section */

/* Begin PBXSourcesBuildPhase section */
		63BBDF0216E31C480054D5FC /* Sources */ = {
			isa = PBXSourcesBuildPhase;
			buildActionMask = 2147483647;
			files = (
				63BBDF1716E31C480054D5FC /* main.m in Sources */,
				63BBDF1B16E31C480054D5FC /* AppDelegate.m in Sources */,
				63BBDF3916E31E880054D5FC /* PageViewController.m in Sources */,
				63BBDF3E16E31F5E0054D5FC /* FishListViewController.m in Sources */,
			);
			runOnlyForDeploymentPostprocessing = 0;
		};
/* End PBXSourcesBuildPhase section */

/* Begin XCBuildConfiguration section */
		63BBDF2216E31C480054D5FC /* Debug */ = {
			isa = XCBuildConfiguration;
			buildSettings = {
				ALWAYS_SEARCH_USER_PATHS = NO;
				CLANG_CXX_LANGUAGE_STANDARD = "gnu++0x";
				CLANG_CXX_LIBRARY = "libc++";
				CLANG_ENABLE_OBJC_ARC = YES;
				CLANG_WARN_EMPTY_BODY = YES;
				CLANG_WARN__DUPLICATE_METHOD_MATCH = YES;
				"CODE_SIGN_IDENTITY[sdk=iphoneos*]" = "iPhone Developer";
				COPY_PHASE_STRIP = NO;
				GCC_C_LANGUAGE_STANDARD = gnu99;
				GCC_DYNAMIC_NO_PIC = NO;
				GCC_OPTIMIZATION_LEVEL = 0;
				GCC_PREPROCESSOR_DEFINITIONS = (
					"DEBUG=1",
					"$(inherited)",
				);
				GCC_SYMBOLS_PRIVATE_EXTERN = NO;
				GCC_WARN_ABOUT_RETURN_TYPE = YES;
				GCC_WARN_UNINITIALIZED_AUTOS = YES;
				GCC_WARN_UNUSED_VARIABLE = YES;
				IPHONEOS_DEPLOYMENT_TARGET = 6.0;
				ONLY_ACTIVE_ARCH = YES;
				SDKROOT = iphoneos;
				TARGETED_DEVICE_FAMILY = "1,2";
			};
			name = Debug;
		};
		63BBDF2316E31C480054D5FC /* Release */ = {
			isa = XCBuildConfiguration;
			buildSettings = {
				ALWAYS_SEARCH_USER_PATHS = NO;
				CLANG_CXX_LANGUAGE_STANDARD = "gnu++0x";
				CLANG_CXX_LIBRARY = "libc++";
				CLANG_ENABLE_OBJC_ARC = YES;
				CLANG_WARN_EMPTY_BODY = YES;
				CLANG_WARN__DUPLICATE_METHOD_MATCH = YES;
				"CODE_SIGN_IDENTITY[sdk=iphoneos*]" = "iPhone Developer";
				COPY_PHASE_STRIP = YES;
				GCC_C_LANGUAGE_STANDARD = gnu99;
				GCC_WARN_ABOUT_RETURN_TYPE = YES;
				GCC_WARN_UNINITIALIZED_AUTOS = YES;
				GCC_WARN_UNUSED_VARIABLE = YES;
				IPHONEOS_DEPLOYMENT_TARGET = 6.0;
				OTHER_CFLAGS = "-DNS_BLOCK_ASSERTIONS=1";
				SDKROOT = iphoneos;
				TARGETED_DEVICE_FAMILY = "1,2";
				VALIDATE_PRODUCT = YES;
			};
			name = Release;
		};
		63BBDF2516E31C480054D5FC /* Debug */ = {
			isa = XCBuildConfiguration;
			buildSettings = {
				GCC_PRECOMPILE_PREFIX_HEADER = YES;
				GCC_PREFIX_HEADER = "Fishes-Prefix.pch";
				INFOPLIST_FILE = "Fishes-Info.plist";
				PRODUCT_NAME = "$(TARGET_NAME)";
				WRAPPER_EXTENSION = app;
			};
			name = Debug;
		};
		63BBDF2616E31C480054D5FC /* Release */ = {
			isa = XCBuildConfiguration;
			buildSettings = {
				GCC_PRECOMPILE_PREFIX_HEADER = YES;
				GCC_PREFIX_HEADER = "Fishes-Prefix.pch";
				INFOPLIST_FILE = "Fishes-Info.plist";
				PRODUCT_NAME = "$(TARGET_NAME)";
				WRAPPER_EXTENSION = app;
			};
			name = Release;
		};
/* End XCBuildConfiguration section */

/* Begin XCConfigurationList section */
		63BBDF0016E31C480054D5FC /* Build configuration list for PBXProject "Fishes" */ = {
			isa = XCConfigurationList;
			buildConfigurations = (
				63BBDF2216E31C480054D5FC /* Debug */,
				63BBDF2316E31C480054D5FC /* Release */,
			);
			defaultConfigurationIsVisible = 0;
			defaultConfigurationName = Release;
		};
		63BBDF2416E31C480054D5FC /* Build configuration list for PBXNativeTarget "Fishes" */ = {
			isa = XCConfigurationList;
			buildConfigurations = (
				63BBDF2516E31C480054D5FC /* Debug */,
				63BBDF2616E31C480054D5FC /* Release */,
			);
			defaultConfigurationIsVisible = 0;
			defaultConfigurationName = Release;
		};
/* End XCConfigurationList section */
	};
	rootObject = 63BBDEFD16E31C480054D5FC /* Project object */;
}
